
Microsoft Visual Studio Solution File, Format Version 12.00
# Visual Studio Version 17
VisualStudioVersion = 17.7.34202.233
MinimumVisualStudioVersion = 10.0.40219.1
Project("{8BC9CEB8-8B4A-11D0-8D11-00A0C91BC942}") = "Snapture", "Snapture\Snapture.vcxproj", "{458E569B-CC32-458C-8677-58B2F05049E0}"
EndProject
Global
	GlobalSection(SolutionConfigurationPlatforms) = preSolution
		Debug|x64 = Debug|x64
		Debug|x86 = Debug|x86
		Release|x64 = Release|x64
		Release|x86 = Release|x86
	EndGlobalSection
	GlobalSection(ProjectConfigurationPlatforms) = postSolution
		{458E569B-CC32-458C-8677-58B2F05049E0}.Debug|x64.ActiveCfg = Debug|x64
		{458E569B-CC32-458C-8677-58B2F05049E0}.Debug|x64.Build.0 = Debug|x64
		{458E569B-CC32-458C-8677-58B2F05049E0}.Debug|x86.ActiveCfg = Debug|Win32
		{458E569B-CC32-458C-8677-58B2F05049E0}.Debug|x86.Build.0 = Debug|Win32
		{458E569B-CC32-458C-8677-58B2F05049E0}.Release|x64.ActiveCfg = Release|x64
		{458E569B-CC32-458C-8677-58B2F05049E0}.Release|x64.Build.0 = Release|x64
		{458E569B-CC32-458C-8677-58B2F05049E0}.Release|x86.ActiveCfg = Release|Win32
		{458E569B-CC32-458C-8677-58B2F05049E0}.Release|x86.Build.0 = Release|Win32
	EndGlobalSection
	GlobalSection(SolutionProperties) = preSolution
		HideSolutionNode = FALSE
	EndGlobalSection
	GlobalSection(ExtensibilityGlobals) = postSolution
		SolutionGuid = {C92D74D4-C5CD-4D8B-8E8F-C420F2DBBB6B}
	EndGlobalSection
EndGlobal
